# Generated by move; do not edit
# This file should be checked in.

[move]
version = 4

[pinned.testnet.MoveStdlib]
source = { git = "https://github.com/MystenLabs/sui.git", subdir = "crates/sui-framework/packages/move-stdlib", rev = "718ae563a42fb4ba0d055588f81c704dcef58c25" }
use_environment = "testnet"
manifest_digest = "C4FE4C91DE74CBF223B2E380AE40F592177D21870DC2D7EB6227D2D694E05363"
deps = {}

[pinned.testnet.MoveStdlib_1]
source = { git = "https://github.com/MystenLabs/sui.git", subdir = "crates/sui-framework/packages/move-stdlib", rev = "4e476c5c81846a17d9d78d114fd04133c29301bb" }
use_environment = "testnet"
manifest_digest = "C4FE4C91DE74CBF223B2E380AE40F592177D21870DC2D7EB6227D2D694E05363"
deps = {}

[pinned.testnet.Sui]
source = { git = "https://github.com/MystenLabs/sui.git", subdir = "crates/sui-framework/packages/sui-framework", rev = "718ae563a42fb4ba0d055588f81c704dcef58c25" }
use_environment = "testnet"
manifest_digest = "7AFB66695545775FBFBB2D3078ADFD084244D5002392E837FDE21D9EA1C6D01C"
deps = { MoveStdlib = "MoveStdlib" }

[pinned.testnet.Sui_1]
source = { git = "https://github.com/MystenLabs/sui.git", subdir = "crates/sui-framework/packages/sui-framework", rev = "4e476c5c81846a17d9d78d114fd04133c29301bb" }
use_environment = "testnet"
manifest_digest = "7AFB66695545775FBFBB2D3078ADFD084244D5002392E837FDE21D9EA1C6D01C"
deps = { MoveStdlib = "MoveStdlib_1" }

[pinned.testnet.wal]
source = { git = "https://github.com/MystenLabs/walrus.git", subdir = "testnet-contracts/wal", rev = "0d671d3cd27d18df6b6edb6e3efcf44e4fffcbdc" }
use_environment = "testnet"
manifest_digest = "C7E2D1356A58EFF4FEE33E1080A56E8958AD54A97E470DCAF922CDDCA02B8F1B"
deps = { std = "MoveStdlib_1", sui = "Sui_1" }

[pinned.testnet.walrus]
source = { git = "https://github.com/MystenLabs/walrus.git", subdir = "testnet-contracts/walrus", rev = "0d671d3cd27d18df6b6edb6e3efcf44e4fffcbdc" }
use_environment = "testnet"
manifest_digest = "A214E5B8949A45DA059BA003D5AB67C865D1F35F7250DC7F625DFA870745ADD4"
deps = { std = "MoveStdlib_1", sui = "Sui_1", wal = "wal" }

[pinned.testnet.warlot]
source = { root = true }
use_environment = "testnet"
manifest_digest = "6FE85C5340C5668BAC767EFC29E442C3EE60963DEB784085F4A0A9F7EA99D9AE"
deps = { std = "MoveStdlib", sui = "Sui", wal = "wal", walrus = "walrus" }
